// !$*UTF8*$!
{
	archiveVersion = 1;
	classes = {
	};
	objectVersion = 50;
	objects = {

/* Begin PBXBuildFile section */
		4459127428294D1700F4DE56 /* AppDelegate.swift in Sources */ = {isa = PBXBuildFile; fileRef = 4459127328294D1700F4DE56 /* AppDelegate.swift */; };
		4459127628294D1700F4DE56 /* SceneDelegate.swift in Sources */ = {isa = PBXBuildFile; fileRef = 4459127528294D1700F4DE56 /* SceneDelegate.swift */; };
		4459127828294D1700F4DE56 /* ViewController.swift in Sources */ = {isa = PBXBuildFile; fileRef = 4459127728294D1700F4DE56 /* ViewController.swift */; };
		4459127B28294D1700F4DE56 /* Main.storyboard in Resources */ = {isa = PBXBuildFile; fileRef = 4459127928294D1700F4DE56 /* Main.storyboard */; };
		4459127E28294D1700F4DE56 /* loginScreen.xcdatamodeld in Sources */ = {isa = PBXBuildFile; fileRef = 4459127C28294D1700F4DE56 /* loginScreen.xcdatamodeld */; };
		4459128028294D1B00F4DE56 /* Assets.xcassets in Resources */ = {isa = PBXBuildFile; fileRef = 4459127F28294D1B00F4DE56 /* Assets.xcassets */; };
		4459128328294D1B00F4DE56 /* LaunchScreen.storyboard in Resources */ = {isa = PBXBuildFile; fileRef = 4459128128294D1B00F4DE56 /* LaunchScreen.storyboard */; };
		4459129228295FE400F4DE56 /* LoginViewController.swift in Sources */ = {isa = PBXBuildFile; fileRef = 4459129128295FE400F4DE56 /* LoginViewController.swift */; };
		4459129428295FFB00F4DE56 /* SignUpViewController.swift in Sources */ = {isa = PBXBuildFile; fileRef = 4459129328295FFB00F4DE56 /* SignUpViewController.swift */; };
		445912962829600F00F4DE56 /* HomeViewController.swift in Sources */ = {isa = PBXBuildFile; fileRef = 445912952829600F00F4DE56 /* HomeViewController.swift */; };
		4459129C2829946600F4DE56 /* searchViewController.swift in Sources */ = {isa = PBXBuildFile; fileRef = 4459129B2829946600F4DE56 /* searchViewController.swift */; };
		4459129E282B4F4B00F4DE56 /* MovieTableViewController.swift in Sources */ = {isa = PBXBuildFile; fileRef = 4459129D282B4F4B00F4DE56 /* MovieTableViewController.swift */; };
		4480ABF4282C072200C35369 /* MovieCellTableViewCell.swift in Sources */ = {isa = PBXBuildFile; fileRef = 4480ABF3282C072200C35369 /* MovieCellTableViewCell.swift */; };
		4480ABFA282C6B3200C35369 /* MovieDB+CoreDataClass.swift in Sources */ = {isa = PBXBuildFile; fileRef = 4480ABF8282C6B3200C35369 /* MovieDB+CoreDataClass.swift */; };
		4480ABFB282C6B3200C35369 /* MovieDB+CoreDataProperties.swift in Sources */ = {isa = PBXBuildFile; fileRef = 4480ABF9282C6B3200C35369 /* MovieDB+CoreDataProperties.swift */; };
		4480ABFD282D5E6200C35369 /* ToWatchListTableViewController.swift in Sources */ = {isa = PBXBuildFile; fileRef = 4480ABFC282D5E6200C35369 /* ToWatchListTableViewController.swift */; };
/* End PBXBuildFile section */

/* Begin PBXFileReference section */
		4459127028294D1700F4DE56 /* loginScreen.app */ = {isa = PBXFileReference; explicitFileType = wrapper.application; includeInIndex = 0; path = loginScreen.app; sourceTree = BUILT_PRODUCTS_DIR; };
		4459127328294D1700F4DE56 /* AppDelegate.swift */ = {isa = PBXFileReference; lastKnownFileType = sourcecode.swift; path = AppDelegate.swift; sourceTree = "<group>"; };
		4459127528294D1700F4DE56 /* SceneDelegate.swift */ = {isa = PBXFileReference; lastKnownFileType = sourcecode.swift; path = SceneDelegate.swift; sourceTree = "<group>"; };
		4459127728294D1700F4DE56 /* ViewController.swift */ = {isa = PBXFileReference; lastKnownFileType = sourcecode.swift; path = ViewController.swift; sourceTree = "<group>"; };
		4459127A28294D1700F4DE56 /* Base */ = {isa = PBXFileReference; lastKnownFileType = file.storyboard; name = Base; path = Base.lproj/Main.storyboard; sourceTree = "<group>"; };
		4459127D28294D1700F4DE56 /* loginScreen.xcdatamodel */ = {isa = PBXFileReference; lastKnownFileType = wrapper.xcdatamodel; path = loginScreen.xcdatamodel; sourceTree = "<group>"; };
		4459127F28294D1B00F4DE56 /* Assets.xcassets */ = {isa = PBXFileReference; lastKnownFileType = folder.assetcatalog; path = Assets.xcassets; sourceTree = "<group>"; };
		4459128228294D1B00F4DE56 /* Base */ = {isa = PBXFileReference; lastKnownFileType = file.storyboard; name = Base; path = Base.lproj/LaunchScreen.storyboard; sourceTree = "<group>"; };
		4459128428294D1B00F4DE56 /* Info.plist */ = {isa = PBXFileReference; lastKnownFileType = text.plist.xml; path = Info.plist; sourceTree = "<group>"; };
		4459129128295FE400F4DE56 /* LoginViewController.swift */ = {isa = PBXFileReference; lastKnownFileType = sourcecode.swift; path = LoginViewController.swift; sourceTree = "<group>"; };
		4459129328295FFB00F4DE56 /* SignUpViewController.swift */ = {isa = PBXFileReference; lastKnownFileType = sourcecode.swift; path = SignUpViewController.swift; sourceTree = "<group>"; };
		445912952829600F00F4DE56 /* HomeViewController.swift */ = {isa = PBXFileReference; lastKnownFileType = sourcecode.swift; path = HomeViewController.swift; sourceTree = "<group>"; };
		4459129B2829946600F4DE56 /* searchViewController.swift */ = {isa = PBXFileReference; lastKnownFileType = sourcecode.swift; path = searchViewController.swift; sourceTree = "<group>"; };
		4459129D282B4F4B00F4DE56 /* MovieTableViewController.swift */ = {isa = PBXFileReference; lastKnownFileType = sourcecode.swift; path = MovieTableViewController.swift; sourceTree = "<group>"; };
		4480ABF3282C072200C35369 /* MovieCellTableViewCell.swift */ = {isa = PBXFileReference; lastKnownFileType = sourcecode.swift; path = MovieCellTableViewCell.swift; sourceTree = "<group>"; };
		4480ABF8282C6B3200C35369 /* MovieDB+CoreDataClass.swift */ = {isa = PBXFileReference; lastKnownFileType = sourcecode.swift; path = "MovieDB+CoreDataClass.swift"; sourceTree = "<group>"; };
		4480ABF9282C6B3200C35369 /* MovieDB+CoreDataProperties.swift */ = {isa = PBXFileReference; lastKnownFileType = sourcecode.swift; path = "MovieDB+CoreDataProperties.swift"; sourceTree = "<group>"; };
		4480ABFC282D5E6200C35369 /* ToWatchListTableViewController.swift */ = {isa = PBXFileReference; lastKnownFileType = sourcecode.swift; path = ToWatchListTableViewController.swift; sourceTree = "<group>"; };
/* End PBXFileReference section */

/* Begin PBXFrameworksBuildPhase section */
		4459126D28294D1700F4DE56 /* Frameworks */ = {
			isa = PBXFrameworksBuildPhase;
			buildActionMask = 2147483647;
			files = (
			);
			runOnlyForDeploymentPostprocessing = 0;
		};
/* End PBXFrameworksBuildPhase section */

/* Begin PBXGroup section */
		4459126728294D1700F4DE56 = {
			isa = PBXGroup;
			children = (
				4480ABF8282C6B3200C35369 /* MovieDB+CoreDataClass.swift */,
				4480ABF9282C6B3200C35369 /* MovieDB+CoreDataProperties.swift */,
				4459127228294D1700F4DE56 /* loginScreen */,
				4459127128294D1700F4DE56 /* Products */,
			);
			sourceTree = "<group>";
		};
		4459127128294D1700F4DE56 /* Products */ = {
			isa = PBXGroup;
			children = (
				4459127028294D1700F4DE56 /* loginScreen.app */,
			);
			name = Products;
			sourceTree = "<group>";
		};
		4459127228294D1700F4DE56 /* loginScreen */ = {
			isa = PBXGroup;
			children = (
				4459127328294D1700F4DE56 /* AppDelegate.swift */,
				4459127528294D1700F4DE56 /* SceneDelegate.swift */,
				4459129028294DEB00F4DE56 /* View Controller */,
				4459129A282993D300F4DE56 /* New Group */,
				4459127928294D1700F4DE56 /* Main.storyboard */,
				4459127F28294D1B00F4DE56 /* Assets.xcassets */,
				4459128128294D1B00F4DE56 /* LaunchScreen.storyboard */,
				4459128428294D1B00F4DE56 /* Info.plist */,
				4459127C28294D1700F4DE56 /* loginScreen.xcdatamodeld */,
			);
			path = loginScreen;
			sourceTree = "<group>";
		};
		4459129028294DEB00F4DE56 /* View Controller */ = {
			isa = PBXGroup;
			children = (
				4459127728294D1700F4DE56 /* ViewController.swift */,
				4459129128295FE400F4DE56 /* LoginViewController.swift */,
				4459129328295FFB00F4DE56 /* SignUpViewController.swift */,
				445912952829600F00F4DE56 /* HomeViewController.swift */,
			);
			path = "View Controller";
			sourceTree = "<group>";
		};
		4459129A282993D300F4DE56 /* New Group */ = {
			isa = PBXGroup;
			children = (
				4459129B2829946600F4DE56 /* searchViewController.swift */,
				4459129D282B4F4B00F4DE56 /* MovieTableViewController.swift */,
				4480ABF3282C072200C35369 /* MovieCellTableViewCell.swift */,
				4480ABFC282D5E6200C35369 /* ToWatchListTableViewController.swift */,
			);
			path = "New Group";
			sourceTree = "<group>";
		};
/* End PBXGroup section */

/* Begin PBXNativeTarget section */
		4459126F28294D1700F4DE56 /* loginScreen */ = {
			isa = PBXNativeTarget;
			buildConfigurationList = 4459128728294D1B00F4DE56 /* Build configuration list for PBXNativeTarget "loginScreen" */;
			buildPhases = (
				4459126C28294D1700F4DE56 /* Sources */,
				4459126D28294D1700F4DE56 /* Frameworks */,
				4459126E28294D1700F4DE56 /* Resources */,
			);
			buildRules = (
			);
			dependencies = (
			);
			name = loginScreen;
			productName = loginScreen;
			productReference = 4459127028294D1700F4DE56 /* loginScreen.app */;
			productType = "com.apple.product-type.application";
		};
/* End PBXNativeTarget section */

/* Begin PBXProject section */
		4459126828294D1700F4DE56 /* Project object */ = {
			isa = PBXProject;
			attributes = {
				LastSwiftUpdateCheck = 1250;
				LastUpgradeCheck = 1250;
				TargetAttributes = {
					4459126F28294D1700F4DE56 = {
						CreatedOnToolsVersion = 12.5.1;
					};
				};
			};
			buildConfigurationList = 4459126B28294D1700F4DE56 /* Build configuration list for PBXProject "loginScreen" */;
			compatibilityVersion = "Xcode 9.3";
			developmentRegion = en;
			hasScannedForEncodings = 0;
			knownRegions = (
				en,
				Base,
			);
			mainGroup = 4459126728294D1700F4DE56;
			productRefGroup = 4459127128294D1700F4DE56 /* Products */;
			projectDirPath = "";
			projectRoot = "";
			targets = (
				4459126F28294D1700F4DE56 /* loginScreen */,
			);
		};
/* End PBXProject section */

/* Begin PBXResourcesBuildPhase section */
		4459126E28294D1700F4DE56 /* Resources */ = {
			isa = PBXResourcesBuildPhase;
			buildActionMask = 2147483647;
			files = (
				4459128328294D1B00F4DE56 /* LaunchScreen.storyboard in Resources */,
				4459128028294D1B00F4DE56 /* Assets.xcassets in Resources */,
				4459127B28294D1700F4DE56 /* Main.storyboard in Resources */,
			);
			runOnlyForDeploymentPostprocessing = 0;
		};
/* End PBXResourcesBuildPhase section */

/* Begin PBXSourcesBuildPhase section */
		4459126C28294D1700F4DE56 /* Sources */ = {
			isa = PBXSourcesBuildPhase;
			buildActionMask = 2147483647;
			files = (
				4459129428295FFB00F4DE56 /* SignUpViewController.swift in Sources */,
				4480ABF4282C072200C35369 /* MovieCellTableViewCell.swift in Sources */,
				4459127828294D1700F4DE56 /* ViewController.swift in Sources */,
				4459129C2829946600F4DE56 /* searchViewController.swift in Sources */,
				4459127E28294D1700F4DE56 /* loginScreen.xcdatamodeld in Sources */,
				4459127428294D1700F4DE56 /* AppDelegate.swift in Sources */,
				4480ABFD282D5E6200C35369 /* ToWatchListTableViewController.swift in Sources */,
				4459129E282B4F4B00F4DE56 /* MovieTableViewController.swift in Sources */,
				4459129228295FE400F4DE56 /* LoginViewController.swift in Sources */,
				4480ABFB282C6B3200C35369 /* MovieDB+CoreDataProperties.swift in Sources */,
				445912962829600F00F4DE56 /* HomeViewController.swift in Sources */,
				4480ABFA282C6B3200C35369 /* MovieDB+CoreDataClass.swift in Sources */,
				4459127628294D1700F4DE56 /* SceneDelegate.swift in Sources */,
			);
			runOnlyForDeploymentPostprocessing = 0;
		};
/* End PBXSourcesBuildPhase section */

/* Begin PBXVariantGroup section */
		4459127928294D1700F4DE56 /* Main.storyboard */ = {
			isa = PBXVariantGroup;
			children = (
				4459127A28294D1700F4DE56 /* Base */,
			);
			name = Main.storyboard;
			sourceTree = "<group>";
		};
		4459128128294D1B00F4DE56 /* LaunchScreen.storyboard */ = {
			isa = PBXVariantGroup;
			children = (
				4459128228294D1B00F4DE56 /* Base */,
			);
			name = LaunchScreen.storyboard;
			sourceTree = "<group>";
		};
/* End PBXVariantGroup section */

/* Begin XCBuildConfiguration section */
		4459128528294D1B00F4DE56 /* Debug */ = {
			isa = XCBuildConfiguration;
			buildSettings = {
				ALWAYS_SEARCH_USER_PATHS = NO;
				CLANG_ANALYZER_NONNULL = YES;
				CLANG_ANALYZER_NUMBER_OBJECT_CONVERSION = YES_AGGRESSIVE;
				CLANG_CXX_LANGUAGE_STANDARD = "gnu++14";
				CLANG_CXX_LIBRARY = "libc++";
				CLANG_ENABLE_MODULES = YES;
				CLANG_ENABLE_OBJC_ARC = YES;
				CLANG_ENABLE_OBJC_WEAK = YES;
				CLANG_WARN_BLOCK_CAPTURE_AUTORELEASING = YES;
				CLANG_WARN_BOOL_CONVERSION = YES;
				CLANG_WARN_COMMA = YES;
				CLANG_WARN_CONSTANT_CONVERSION = YES;
				CLANG_WARN_DEPRECATED_OBJC_IMPLEMENTATIONS = YES;
				CLANG_WARN_DIRECT_OBJC_ISA_USAGE = YES_ERROR;
				CLANG_WARN_DOCUMENTATION_COMMENTS = YES;
				CLANG_WARN_EMPTY_BODY = YES;
				CLANG_WARN_ENUM_CONVERSION = YES;
				CLANG_WARN_INFINITE_RECURSION = YES;
				CLANG_WARN_INT_CONVERSION = YES;
				CLANG_WARN_NON_LITERAL_NULL_CONVERSION = YES;
				CLANG_WARN_OBJC_IMPLICIT_RETAIN_SELF = YES;
				CLANG_WARN_OBJC_LITERAL_CONVERSION = YES;
				CLANG_WARN_OBJC_ROOT_CLASS = YES_ERROR;
				CLANG_WARN_QUOTED_INCLUDE_IN_FRAMEWORK_HEADER = YES;
				CLANG_WARN_RANGE_LOOP_ANALYSIS = YES;
				CLANG_WARN_STRICT_PROTOTYPES = YES;
				CLANG_WARN_SUSPICIOUS_MOVE = YES;
				CLANG_WARN_UNGUARDED_AVAILABILITY = YES_AGGRESSIVE;
				CLANG_WARN_UNREACHABLE_CODE = YES;
				CLANG_WARN__DUPLICATE_METHOD_MATCH = YES;
				COPY_PHASE_STRIP = NO;
				DEBUG_INFORMATION_FORMAT = dwarf;
				ENABLE_STRICT_OBJC_MSGSEND = YES;
				ENABLE_TESTABILITY = YES;
				GCC_C_LANGUAGE_STANDARD = gnu11;
				GCC_DYNAMIC_NO_PIC = NO;
				GCC_NO_COMMON_BLOCKS = YES;
				GCC_OPTIMIZATION_LEVEL = 0;
				GCC_PREPROCESSOR_DEFINITIONS = (
					"DEBUG=1",
					"$(inherited)",
				);
				GCC_WARN_64_TO_32_BIT_CONVERSION = YES;
				GCC_WARN_ABOUT_RETURN_TYPE = YES_ERROR;
				GCC_WARN_UNDECLARED_SELECTOR = YES;
				GCC_WARN_UNINITIALIZED_AUTOS = YES_AGGRESSIVE;
				GCC_WARN_UNUSED_FUNCTION = YES;
				GCC_WARN_UNUSED_VARIABLE = YES;
				IPHONEOS_DEPLOYMENT_TARGET = 14.5;
				MTL_ENABLE_DEBUG_INFO = INCLUDE_SOURCE;
				MTL_FAST_MATH = YES;
				ONLY_ACTIVE_ARCH = YES;
				SDKROOT = iphoneos;
				SWIFT_ACTIVE_COMPILATION_CONDITIONS = DEBUG;
				SWIFT_OPTIMIZATION_LEVEL = "-Onone";
			};
			name = Debug;
		};
		4459128628294D1B00F4DE56 /* Release */ = {
			isa = XCBuildConfiguration;
			buildSettings = {
				ALWAYS_SEARCH_USER_PATHS = NO;
				CLANG_ANALYZER_NONNULL = YES;
				CLANG_ANALYZER_NUMBER_OBJECT_CONVERSION = YES_AGGRESSIVE;
				CLANG_CXX_LANGUAGE_STANDARD = "gnu++14";
				CLANG_CXX_LIBRARY = "libc++";
				CLANG_ENABLE_MODULES = YES;
				CLANG_ENABLE_OBJC_ARC = YES;
				CLANG_ENABLE_OBJC_WEAK = YES;
				CLANG_WARN_BLOCK_CAPTURE_AUTORELEASING = YES;
				CLANG_WARN_BOOL_CONVERSION = YES;
				CLANG_WARN_COMMA = YES;
				CLANG_WARN_CONSTANT_CONVERSION = YES;
				CLANG_WARN_DEPRECATED_OBJC_IMPLEMENTATIONS = YES;
				CLANG_WARN_DIRECT_OBJC_ISA_USAGE = YES_ERROR;
				CLANG_WARN_DOCUMENTATION_COMMENTS = YES;
				CLANG_WARN_EMPTY_BODY = YES;
				CLANG_WARN_ENUM_CONVERSION = YES;
				CLANG_WARN_INFINITE_RECURSION = YES;
				CLANG_WARN_INT_CONVERSION = YES;
				CLANG_WARN_NON_LITERAL_NULL_CONVERSION = YES;
				CLANG_WARN_OBJC_IMPLICIT_RETAIN_SELF = YES;
				CLANG_WARN_OBJC_LITERAL_CONVERSION = YES;
				CLANG_WARN_OBJC_ROOT_CLASS = YES_ERROR;
				CLANG_WARN_QUOTED_INCLUDE_IN_FRAMEWORK_HEADER = YES;
				CLANG_WARN_RANGE_LOOP_ANALYSIS = YES;
				CLANG_WARN_STRICT_PROTOTYPES = YES;
				CLANG_WARN_SUSPICIOUS_MOVE = YES;
				CLANG_WARN_UNGUARDED_AVAILABILITY = YES_AGGRESSIVE;
				CLANG_WARN_UNREACHABLE_CODE = YES;
				CLANG_WARN__DUPLICATE_METHOD_MATCH = YES;
				COPY_PHASE_STRIP = NO;
				DEBUG_INFORMATION_FORMAT = "dwarf-with-dsym";
				ENABLE_NS_ASSERTIONS = NO;
				ENABLE_STRICT_OBJC_MSGSEND = YES;
				GCC_C_LANGUAGE_STANDARD = gnu11;
				GCC_NO_COMMON_BLOCKS = YES;
				GCC_WARN_64_TO_32_BIT_CONVERSION = YES;
				GCC_WARN_ABOUT_RETURN_TYPE = YES_ERROR;
				GCC_WARN_UNDECLARED_SELECTOR = YES;
				GCC_WARN_UNINITIALIZED_AUTOS = YES_AGGRESSIVE;
				GCC_WARN_UNUSED_FUNCTION = YES;
				GCC_WARN_UNUSED_VARIABLE = YES;
				IPHONEOS_DEPLOYMENT_TARGET = 14.5;
				MTL_ENABLE_DEBUG_INFO = NO;
				MTL_FAST_MATH = YES;
				SDKROOT = iphoneos;
				SWIFT_COMPILATION_MODE = wholemodule;
				SWIFT_OPTIMIZATION_LEVEL = "-O";
				VALIDATE_PRODUCT = YES;
			};
			name = Release;
		};
		4459128828294D1B00F4DE56 /* Debug */ = {
			isa = XCBuildConfiguration;
			buildSettings = {
				ASSETCATALOG_COMPILER_APPICON_NAME = AppIcon;
				ASSETCATALOG_COMPILER_GLOBAL_ACCENT_COLOR_NAME = AccentColor;
				CODE_SIGN_STYLE = Automatic;
				INFOPLIST_FILE = loginScreen/Info.plist;
				LD_RUNPATH_SEARCH_PATHS = (
					"$(inherited)",
					"@executable_path/Frameworks",
				);
				PRODUCT_BUNDLE_IDENTIFIER = otavio.loginScreen;
				PRODUCT_NAME = "$(TARGET_NAME)";
				SWIFT_VERSION = 5.0;
				TARGETED_DEVICE_FAMILY = "1,2";
			};
			name = Debug;
		};
		4459128928294D1B00F4DE56 /* Release */ = {
			isa = XCBuildConfiguration;
			buildSettings = {
				ASSETCATALOG_COMPILER_APPICON_NAME = AppIcon;
				ASSETCATALOG_COMPILER_GLOBAL_ACCENT_COLOR_NAME = AccentColor;
				CODE_SIGN_STYLE = Automatic;
				INFOPLIST_FILE = loginScreen/Info.plist;
				LD_RUNPATH_SEARCH_PATHS = (
					"$(inherited)",
					"@executable_path/Frameworks",
				);
				PRODUCT_BUNDLE_IDENTIFIER = otavio.loginScreen;
				PRODUCT_NAME = "$(TARGET_NAME)";
				SWIFT_VERSION = 5.0;
				TARGETED_DEVICE_FAMILY = "1,2";
			};
			name = Release;
		};
/* End XCBuildConfiguration section */

/* Begin XCConfigurationList section */
		4459126B28294D1700F4DE56 /* Build configuration list for PBXProject "loginScreen" */ = {
			isa = XCConfigurationList;
			buildConfigurations = (
				4459128528294D1B00F4DE56 /* Debug */,
				4459128628294D1B00F4DE56 /* Release */,
			);
			defaultConfigurationIsVisible = 0;
			defaultConfigurationName = Release;
		};
		4459128728294D1B00F4DE56 /* Build configuration list for PBXNativeTarget "loginScreen" */ = {
			isa = XCConfigurationList;
			buildConfigurations = (
				4459128828294D1B00F4DE56 /* Debug */,
				4459128928294D1B00F4DE56 /* Release */,
			);
			defaultConfigurationIsVisible = 0;
			defaultConfigurationName = Release;
		};
/* End XCConfigurationList section */

/* Begin XCVersionGroup section */
		4459127C28294D1700F4DE56 /* loginScreen.xcdatamodeld */ = {
			isa = XCVersionGroup;
			children = (
				4459127D28294D1700F4DE56 /* loginScreen.xcdatamodel */,
			);
			currentVersion = 4459127D28294D1700F4DE56 /* loginScreen.xcdatamodel */;
			path = loginScreen.xcdatamodeld;
			sourceTree = "<group>";
			versionGroupType = wrapper.xcdatamodel;
		};
/* End XCVersionGroup section */
	};
	rootObject = 4459126828294D1700F4DE56 /* Project object */;
}
